{
  "name": "karakum-npm-js-examples",
  "lockfileVersion": 3,
  "requires": true,
  "packages": {
    "": {
      "name": "karakum-npm-js-examples",
      "workspaces": [
        "packages/*"
      ]
    },
    "node_modules/@tanstack/history": {
      "version": "1.161.6",
      "resolved": "https://registry.npmjs.org/@tanstack/history/-/history-1.161.6.tgz",
      "integrity": "sha512-NaOGLRrddszbQj9upGat6HG/4TKvXLvu+osAIgfxPYA+eIvYKv8GKDJOrY2D3/U9MRnKfMWD7bU4jeD4xmqyIg==",
      "license": "MIT",
      "engines": {
        "node": ">=20.19"
      },
      "funding": {
        "type": "github",
        "url": "https://github.com/sponsors/tannerlinsley"
      }
    },
    "node_modules/js-file-download": {
      "version": "0.4.12",
      "resolved": "https://registry.npmjs.org/js-file-download/-/js-file-download-0.4.12.tgz",
      "integrity": "sha512-rML+NkoD08p5Dllpjo0ffy4jRHeY6Zsapvr/W86N7E0yuzAO6qa5X9+xog6zQNlH102J7IXljNY2FtS6Lj3ucg==",
      "license": "MIT"
    },
    "node_modules/karakum": {
      "version": "1.0.0-alpha.111",
      "resolved": "https://registry.npmjs.org/karakum/-/karakum-1.0.0-alpha.111.tgz",
      "integrity": "sha512-SrP/jZL7g9fBdrxAaZHGCb60f78p6Ne4PT7b9EIg44SBhD0+v6yNwSfnm9eVRjKnAKceUQR0pvGkt7oBPlT9mA==",
      "dev": true,
      "license": "Apache-2.0",
      "bin": {
        "karakum": "kotlin/karakum-bin.mjs"
      },
      "peerDependencies": {
        "typescript": "^6.0.2"
      }
    },
    "node_modules/kotlin-js-file-download": {
      "resolved": "packages/kotlin-js-file-download",
      "link": true
    },
    "node_modules/kotlin-tanstack-history": {
      "resolved": "packages/kotlin-tanstack-history",
      "link": true
    },
    "node_modules/typescript": {
      "version": "6.0.3",
      "resolved": "https://registry.npmjs.org/typescript/-/typescript-6.0.3.tgz",
      "integrity": "sha512-y2TvuxSZPDyQakkFRPZHKFm+KKVqIisdg9/CZwm9ftvKXLP8NRWj38/ODjNbr43SsoXqNuAisEf1GdCxqWcdBw==",
      "dev": true,
      "license": "Apache-2.0",
      "peer": true,
      "bin": {
        "tsc": "bin/tsc",
        "tsserver": "bin/tsserver"
      },
      "engines": {
        "node": ">=14.17"
      }
    },
    "packages/kotlin-js-file-download": {
      "version": "1.0.0",
      "dependencies": {
        "js-file-download": "^0.4.12"
      },
      "devDependencies": {
        "karakum": "^1.0.0-alpha.111",
        "typescript": "^6.0.2"
      }
    },
    "packages/kotlin-tanstack-history": {
      "version": "1.0.0",
      "dependencies": {
        "@tanstack/history": "^1.161.6"
      },
      "devDependencies": {
        "karakum": "^1.0.0-alpha.111",
        "typescript": "^6.0.2"
      }
    }
  }
}
