{
  "name": "kotlin-js-file-download",
  "version": "1.0.0",
  "lockfileVersion": 3,
  "requires": true,
  "packages": {
    "": {
      "name": "kotlin-js-file-download",
      "version": "1.0.0",
      "dependencies": {
        "js-file-download": "^0.4.12"
      },
      "devDependencies": {
        "karakum": "^1.0.0-alpha.76",
        "typescript": "^5.8.3"
      }
    },
    "node_modules/js-file-download": {
      "version": "0.4.12",
      "resolved": "https://registry.npmjs.org/js-file-download/-/js-file-download-0.4.12.tgz",
      "integrity": "sha512-rML+NkoD08p5Dllpjo0ffy4jRHeY6Zsapvr/W86N7E0yuzAO6qa5X9+xog6zQNlH102J7IXljNY2FtS6Lj3ucg==",
      "license": "MIT"
    },
    "node_modules/karakum": {
      "version": "1.0.0-alpha.76",
      "resolved": "https://registry.npmjs.org/karakum/-/karakum-1.0.0-alpha.76.tgz",
      "integrity": "sha512-SldCoAEzQLL5wlDH90CZoTTirSavZ5BL+9ktiqOewXqw9soywg9nFIZT712C0VjTKIGYSzyP//mqI8yRGlVp1w==",
      "dev": true,
      "license": "Apache-2.0",
      "bin": {
        "karakum": "kotlin/karakum-bin.mjs"
      },
      "peerDependencies": {
        "typescript": "^5.7.2"
      }
    },
    "node_modules/typescript": {
      "version": "5.8.3",
      "resolved": "https://registry.npmjs.org/typescript/-/typescript-5.8.3.tgz",
      "integrity": "sha512-p1diW6TqL9L07nNxvRMM7hMMw4c5XOo/1ibL4aAIGmSAt9slTE1Xgw5KWuof2uTOvCg9BY7ZRi+GaF+7sfgPeQ==",
      "dev": true,
      "license": "Apache-2.0",
      "bin": {
        "tsc": "bin/tsc",
        "tsserver": "bin/tsserver"
      },
      "engines": {
        "node": ">=14.17"
      }
    }
  }
}
