{
  "name": "kotlin-js-file-download",
  "version": "1.0.0",
  "lockfileVersion": 3,
  "requires": true,
  "packages": {
    "": {
      "name": "kotlin-js-file-download",
      "version": "1.0.0",
      "dependencies": {
        "js-file-download": "^0.4.12"
      },
      "devDependencies": {
        "karakum": "^1.0.0-alpha.84",
        "typescript": "^5.8.3"
      }
    },
    "node_modules/js-file-download": {
      "version": "0.4.12",
      "resolved": "https://registry.npmjs.org/js-file-download/-/js-file-download-0.4.12.tgz",
      "integrity": "sha512-rML+NkoD08p5Dllpjo0ffy4jRHeY6Zsapvr/W86N7E0yuzAO6qa5X9+xog6zQNlH102J7IXljNY2FtS6Lj3ucg==",
      "license": "MIT"
    },
    "node_modules/karakum": {
      "version": "1.0.0-alpha.84",
      "resolved": "https://registry.npmjs.org/karakum/-/karakum-1.0.0-alpha.84.tgz",
      "integrity": "sha512-e9mrorw7UehPb/LeO8fCK1HOSU1t6r4Ga9KcHc0hcUdh22xA8Vrluk/tNpaq//V2iylafS9LK76qSX02PuRhZw==",
      "dev": true,
      "license": "Apache-2.0",
      "bin": {
        "karakum": "kotlin/karakum-bin.mjs"
      },
      "peerDependencies": {
        "typescript": "^5.9.3"
      }
    },
    "node_modules/typescript": {
      "version": "5.9.3",
      "resolved": "https://registry.npmjs.org/typescript/-/typescript-5.9.3.tgz",
      "integrity": "sha512-jl1vZzPDinLr9eUt3J/t7V6FgNEw9QjvBPdysz9KfQDD41fQrC2Y4vKQdiaUpFT4bXlb1RHhLpp8wtm6M5TgSw==",
      "dev": true,
      "license": "Apache-2.0",
      "peer": true,
      "bin": {
        "tsc": "bin/tsc",
        "tsserver": "bin/tsserver"
      },
      "engines": {
        "node": ">=14.17"
      }
    }
  }
}
