{
  "name": "kotlin-js-file-download",
  "version": "1.0.0",
  "lockfileVersion": 3,
  "requires": true,
  "packages": {
    "": {
      "name": "kotlin-js-file-download",
      "version": "1.0.0",
      "dependencies": {
        "js-file-download": "^0.4.12"
      },
      "devDependencies": {
        "karakum": "^1.0.0-alpha.104",
        "typescript": "^6.0.2"
      }
    },
    "node_modules/js-file-download": {
      "version": "0.4.12",
      "resolved": "https://registry.npmjs.org/js-file-download/-/js-file-download-0.4.12.tgz",
      "integrity": "sha512-rML+NkoD08p5Dllpjo0ffy4jRHeY6Zsapvr/W86N7E0yuzAO6qa5X9+xog6zQNlH102J7IXljNY2FtS6Lj3ucg==",
      "license": "MIT"
    },
    "node_modules/karakum": {
      "version": "1.0.0-alpha.104",
      "resolved": "https://registry.npmjs.org/karakum/-/karakum-1.0.0-alpha.104.tgz",
      "integrity": "sha512-/USc+sRCz+ij1aIIMcYJqTPBi7Jh9eSqYFNOsOjnRtQ8Ash2yyUr4iQhSVaX3T3JTJhVzqLUt3H9ooRio08/9w==",
      "dev": true,
      "license": "Apache-2.0",
      "bin": {
        "karakum": "kotlin/karakum-bin.mjs"
      },
      "peerDependencies": {
        "typescript": "^5.9.3"
      }
    },
    "node_modules/typescript": {
      "version": "6.0.2",
      "resolved": "https://registry.npmjs.org/typescript/-/typescript-6.0.2.tgz",
      "integrity": "sha512-bGdAIrZ0wiGDo5l8c++HWtbaNCWTS4UTv7RaTH/ThVIgjkveJt83m74bBHMJkuCbslY8ixgLBVZJIOiQlQTjfQ==",
      "dev": true,
      "license": "Apache-2.0",
      "peer": true,
      "bin": {
        "tsc": "bin/tsc",
        "tsserver": "bin/tsserver"
      },
      "engines": {
        "node": ">=14.17"
      }
    }
  }
}
